
Microsoft Visual Studio Solution File, Format Version 12.00
# Visual Studio Version 17
VisualStudioVersion = 17.3.32811.315
MinimumVisualStudioVersion = 10.0.40219.1
Project("{9A19103F-16F7-4668-BE54-9A1E7A4F7556}") = "AdRemover", "AdRemover\AdRemover.csproj", "{68863C45-C227-4DCC-A8AA-2FBFDD89C709}"
EndProject
Project("{FAE04EC0-301F-11D3-BF4B-00C04F79EFBC}") = "AdRemoverTest", "AdRemoverTest\AdRemoverTest.csproj", "{19A61FE8-8B71-4760-9BF5-6BB397DAAF2F}"
EndProject
Global
	GlobalSection(SolutionConfigurationPlatforms) = preSolution
		Debug|Any CPU = Debug|Any CPU
		Release|Any CPU = Release|Any CPU
	EndGlobalSection
	GlobalSection(ProjectConfigurationPlatforms) = postSolution
		{68863C45-C227-4DCC-A8AA-2FBFDD89C709}.Debug|Any CPU.ActiveCfg = Debug|Any CPU
		{68863C45-C227-4DCC-A8AA-2FBFDD89C709}.Debug|Any CPU.Build.0 = Debug|Any CPU
		{68863C45-C227-4DCC-A8AA-2FBFDD89C709}.Release|Any CPU.ActiveCfg = Release|Any CPU
		{68863C45-C227-4DCC-A8AA-2FBFDD89C709}.Release|Any CPU.Build.0 = Release|Any CPU
		{19A61FE8-8B71-4760-9BF5-6BB397DAAF2F}.Debug|Any CPU.ActiveCfg = Debug|Any CPU
		{19A61FE8-8B71-4760-9BF5-6BB397DAAF2F}.Debug|Any CPU.Build.0 = Debug|Any CPU
		{19A61FE8-8B71-4760-9BF5-6BB397DAAF2F}.Release|Any CPU.ActiveCfg = Release|Any CPU
		{19A61FE8-8B71-4760-9BF5-6BB397DAAF2F}.Release|Any CPU.Build.0 = Release|Any CPU
	EndGlobalSection
	GlobalSection(SolutionProperties) = preSolution
		HideSolutionNode = FALSE
	EndGlobalSection
	GlobalSection(ExtensibilityGlobals) = postSolution
		SolutionGuid = {BBF9241B-5178-42F5-8F53-1C126FCFA4A8}
	EndGlobalSection
EndGlobal
